PODS:
  - AFNetworking (2.3.1):
    - AFNetworking/NSURLConnection (= 2.3.1)
    - AFNetworking/NSURLSession (= 2.3.1)
    - AFNetworking/Reachability (= 2.3.1)
    - AFNetworking/Security (= 2.3.1)
    - AFNetworking/Serialization (= 2.3.1)
    - AFNetworking/UIKit (= 2.3.1)
  - AFNetworking/NSURLConnection (2.3.1):
    - AFNetworking/Reachability
    - AFNetworking/Security
    - AFNetworking/Serialization
  - AFNetworking/NSURLSession (2.3.1):
    - AFNetworking/Reachability
    - AFNetworking/Security
    - AFNetworking/Serialization
  - AFNetworking/Reachability (2.3.1)
  - AFNetworking/Security (2.3.1)
  - AFNetworking/Serialization (2.3.1)
  - AFNetworking/UIKit (2.3.1):
    - AFNetworking/NSURLConnection
    - AFNetworking/NSURLSession
  - Bond (6.0.0-beta.2):
    - Diff (~> 0.4)
    - ReactiveKit (~> 3.2)
  - Diff (0.5.0)
  - MDCSwipeToChoose (0.2.3)
  - NCMB (2.3.3)
  - ReactiveKit (3.2.1)

DEPENDENCIES:
  - AFNetworking (~> 2.3.0)
  - Bond (~> 6.0-beta)
  - MDCSwipeToChoose (~> 0.2.3)
  - NCMB (from `https://github.com/NIFTYCloud-mbaas/ncmb_ios.git`)

EXTERNAL SOURCES:
  NCMB:
    :git: https://github.com/NIFTYCloud-mbaas/ncmb_ios.git

CHECKOUT OPTIONS:
  NCMB:
    :commit: ad3200666dbf6040eb9cfa5bd5f5a8f74d68f558
    :git: https://github.com/NIFTYCloud-mbaas/ncmb_ios.git

SPEC CHECKSUMS:
  AFNetworking: 05b9f6e3aa5ac45bc383b4bb108ef338080a26c7
  Bond: 8a75c63424669cf017dfd4d1e6aff1375e12669f
  Diff: eceb93a3adf508574ba9b8560da185ace83de055
  MDCSwipeToChoose: 56239d98b4558c66e7c3c9069482befd26092270
  NCMB: 33829337aeb2e91a0fc1c771eeb77b642f7f6589
  ReactiveKit: 724c58768791b86a4b149adae587f34cdc3902d7

PODFILE CHECKSUM: c856996766e0185158f2d1b93db15026038fd8f8

COCOAPODS: 1.1.1
